
Microsoft Visual Studio Solution File, Format Version 12.00
# Visual Studio Version 16
VisualStudioVersion = 16.0.32901.82
MinimumVisualStudioVersion = 10.0.40219.1
Project("{8BC9CEB8-8B4A-11D0-8D11-00A0C91BC942}") = "PyUnikeyNT", "PyUnikeyNT.vcxproj", "{BC4086D8-173C-4374-A59D-0725CAB6DABF}"
EndProject
Global
	GlobalSection(SolutionConfigurationPlatforms) = preSolution
		Debug|x64 = Debug|x64
		Debug|x86 = Debug|x86
		Release|x64 = Release|x64
		Release|x86 = Release|x86
	EndGlobalSection
	GlobalSection(ProjectConfigurationPlatforms) = postSolution
		{BC4086D8-173C-4374-A59D-0725CAB6DABF}.Debug|x64.ActiveCfg = Debug|x64
		{BC4086D8-173C-4374-A59D-0725CAB6DABF}.Debug|x64.Build.0 = Debug|x64
		{BC4086D8-173C-4374-A59D-0725CAB6DABF}.Debug|x86.ActiveCfg = Debug|Win32
		{BC4086D8-173C-4374-A59D-0725CAB6DABF}.Debug|x86.Build.0 = Debug|Win32
		{BC4086D8-173C-4374-A59D-0725CAB6DABF}.Release|x64.ActiveCfg = Release|x64
		{BC4086D8-173C-4374-A59D-0725CAB6DABF}.Release|x64.Build.0 = Release|x64
		{BC4086D8-173C-4374-A59D-0725CAB6DABF}.Release|x86.ActiveCfg = Release|Win32
		{BC4086D8-173C-4374-A59D-0725CAB6DABF}.Release|x86.Build.0 = Release|Win32
	EndGlobalSection
	GlobalSection(SolutionProperties) = preSolution
		HideSolutionNode = FALSE
	EndGlobalSection
	GlobalSection(ExtensibilityGlobals) = postSolution
		SolutionGuid = {195FC344-F309-43B9-9C40-947453EA7FA1}
	EndGlobalSection
EndGlobal
